
Microsoft Visual Studio Solution File, Format Version 12.00
# Visual Studio Version 17
VisualStudioVersion = 17.14.36429.23
MinimumVisualStudioVersion = 10.0.40219.1
Project("{FAE04EC0-301F-11D3-BF4B-00C04F79EFBC}") = "QuanLySinhVien", "QuanLySinhVien\QuanLySinhVien.csproj", "{D82BF954-1196-47B1-B244-6F88E661FDB9}"
EndProject
Project("{FAE04EC0-301F-11D3-BF4B-00C04F79EFBC}") = "GRPC_NHibernate", "test123\GRPC_NHibernate.csproj", "{20EEDA38-9D43-4765-B69B-CDB295012395}"
EndProject
Project("{FAE04EC0-301F-11D3-BF4B-00C04F79EFBC}") = "GRPC_NHibernate_Client", "GRPC_NHibernate_Client\GRPC_NHibernate_Client.csproj", "{D975BDD5-CC0C-4982-BC39-AE2235ADA441}"
EndProject
Project("{FAE04EC0-301F-11D3-BF4B-00C04F79EFBC}") = "Shared", "Shared\Shared.csproj", "{70A45C66-C231-4824-BD50-A2E9BA3C53A5}"
EndProject
Project("{FAE04EC0-301F-11D3-BF4B-00C04F79EFBC}") = "Common", "common\Common.csproj", "{53103209-67BE-4BC8-93F5-9F00D8C36A5D}"
EndProject
Global
	GlobalSection(SolutionConfigurationPlatforms) = preSolution
		Debug|Any CPU = Debug|Any CPU
		Debug|x64 = Debug|x64
		Debug|x86 = Debug|x86
		Release|Any CPU = Release|Any CPU
		Release|x64 = Release|x64
		Release|x86 = Release|x86
	EndGlobalSection
	GlobalSection(ProjectConfigurationPlatforms) = postSolution
		{D82BF954-1196-47B1-B244-6F88E661FDB9}.Debug|Any CPU.ActiveCfg = Debug|Any CPU
		{D82BF954-1196-47B1-B244-6F88E661FDB9}.Debug|Any CPU.Build.0 = Debug|Any CPU
		{D82BF954-1196-47B1-B244-6F88E661FDB9}.Debug|x64.ActiveCfg = Debug|Any CPU
		{D82BF954-1196-47B1-B244-6F88E661FDB9}.Debug|x64.Build.0 = Debug|Any CPU
		{D82BF954-1196-47B1-B244-6F88E661FDB9}.Debug|x86.ActiveCfg = Debug|Any CPU
		{D82BF954-1196-47B1-B244-6F88E661FDB9}.Debug|x86.Build.0 = Debug|Any CPU
		{D82BF954-1196-47B1-B244-6F88E661FDB9}.Release|Any CPU.ActiveCfg = Release|Any CPU
		{D82BF954-1196-47B1-B244-6F88E661FDB9}.Release|Any CPU.Build.0 = Release|Any CPU
		{D82BF954-1196-47B1-B244-6F88E661FDB9}.Release|x64.ActiveCfg = Release|Any CPU
		{D82BF954-1196-47B1-B244-6F88E661FDB9}.Release|x64.Build.0 = Release|Any CPU
		{D82BF954-1196-47B1-B244-6F88E661FDB9}.Release|x86.ActiveCfg = Release|Any CPU
		{D82BF954-1196-47B1-B244-6F88E661FDB9}.Release|x86.Build.0 = Release|Any CPU
		{20EEDA38-9D43-4765-B69B-CDB295012395}.Debug|Any CPU.ActiveCfg = Debug|Any CPU
		{20EEDA38-9D43-4765-B69B-CDB295012395}.Debug|Any CPU.Build.0 = Debug|Any CPU
		{20EEDA38-9D43-4765-B69B-CDB295012395}.Debug|x64.ActiveCfg = Debug|Any CPU
		{20EEDA38-9D43-4765-B69B-CDB295012395}.Debug|x64.Build.0 = Debug|Any CPU
		{20EEDA38-9D43-4765-B69B-CDB295012395}.Debug|x86.ActiveCfg = Debug|Any CPU
		{20EEDA38-9D43-4765-B69B-CDB295012395}.Debug|x86.Build.0 = Debug|Any CPU
		{20EEDA38-9D43-4765-B69B-CDB295012395}.Release|Any CPU.ActiveCfg = Release|Any CPU
		{20EEDA38-9D43-4765-B69B-CDB295012395}.Release|Any CPU.Build.0 = Release|Any CPU
		{20EEDA38-9D43-4765-B69B-CDB295012395}.Release|x64.ActiveCfg = Release|Any CPU
		{20EEDA38-9D43-4765-B69B-CDB295012395}.Release|x64.Build.0 = Release|Any CPU
		{20EEDA38-9D43-4765-B69B-CDB295012395}.Release|x86.ActiveCfg = Release|Any CPU
		{20EEDA38-9D43-4765-B69B-CDB295012395}.Release|x86.Build.0 = Release|Any CPU
		{D975BDD5-CC0C-4982-BC39-AE2235ADA441}.Debug|Any CPU.ActiveCfg = Debug|Any CPU
		{D975BDD5-CC0C-4982-BC39-AE2235ADA441}.Debug|Any CPU.Build.0 = Debug|Any CPU
		{D975BDD5-CC0C-4982-BC39-AE2235ADA441}.Debug|x64.ActiveCfg = Debug|Any CPU
		{D975BDD5-CC0C-4982-BC39-AE2235ADA441}.Debug|x64.Build.0 = Debug|Any CPU
		{D975BDD5-CC0C-4982-BC39-AE2235ADA441}.Debug|x86.ActiveCfg = Debug|Any CPU
		{D975BDD5-CC0C-4982-BC39-AE2235ADA441}.Debug|x86.Build.0 = Debug|Any CPU
		{D975BDD5-CC0C-4982-BC39-AE2235ADA441}.Release|Any CPU.ActiveCfg = Release|Any CPU
		{D975BDD5-CC0C-4982-BC39-AE2235ADA441}.Release|Any CPU.Build.0 = Release|Any CPU
		{D975BDD5-CC0C-4982-BC39-AE2235ADA441}.Release|x64.ActiveCfg = Release|Any CPU
		{D975BDD5-CC0C-4982-BC39-AE2235ADA441}.Release|x64.Build.0 = Release|Any CPU
		{D975BDD5-CC0C-4982-BC39-AE2235ADA441}.Release|x86.ActiveCfg = Release|Any CPU
		{D975BDD5-CC0C-4982-BC39-AE2235ADA441}.Release|x86.Build.0 = Release|Any CPU
		{70A45C66-C231-4824-BD50-A2E9BA3C53A5}.Debug|Any CPU.ActiveCfg = Debug|Any CPU
		{70A45C66-C231-4824-BD50-A2E9BA3C53A5}.Debug|Any CPU.Build.0 = Debug|Any CPU
		{70A45C66-C231-4824-BD50-A2E9BA3C53A5}.Debug|x64.ActiveCfg = Debug|Any CPU
		{70A45C66-C231-4824-BD50-A2E9BA3C53A5}.Debug|x64.Build.0 = Debug|Any CPU
		{70A45C66-C231-4824-BD50-A2E9BA3C53A5}.Debug|x86.ActiveCfg = Debug|Any CPU
		{70A45C66-C231-4824-BD50-A2E9BA3C53A5}.Debug|x86.Build.0 = Debug|Any CPU
		{70A45C66-C231-4824-BD50-A2E9BA3C53A5}.Release|Any CPU.ActiveCfg = Release|Any CPU
		{70A45C66-C231-4824-BD50-A2E9BA3C53A5}.Release|Any CPU.Build.0 = Release|Any CPU
		{70A45C66-C231-4824-BD50-A2E9BA3C53A5}.Release|x64.ActiveCfg = Release|Any CPU
		{70A45C66-C231-4824-BD50-A2E9BA3C53A5}.Release|x64.Build.0 = Release|Any CPU
		{70A45C66-C231-4824-BD50-A2E9BA3C53A5}.Release|x86.ActiveCfg = Release|Any CPU
		{70A45C66-C231-4824-BD50-A2E9BA3C53A5}.Release|x86.Build.0 = Release|Any CPU
		{53103209-67BE-4BC8-93F5-9F00D8C36A5D}.Debug|Any CPU.ActiveCfg = Debug|Any CPU
		{53103209-67BE-4BC8-93F5-9F00D8C36A5D}.Debug|Any CPU.Build.0 = Debug|Any CPU
		{53103209-67BE-4BC8-93F5-9F00D8C36A5D}.Debug|x64.ActiveCfg = Debug|Any CPU
		{53103209-67BE-4BC8-93F5-9F00D8C36A5D}.Debug|x64.Build.0 = Debug|Any CPU
		{53103209-67BE-4BC8-93F5-9F00D8C36A5D}.Debug|x86.ActiveCfg = Debug|Any CPU
		{53103209-67BE-4BC8-93F5-9F00D8C36A5D}.Debug|x86.Build.0 = Debug|Any CPU
		{53103209-67BE-4BC8-93F5-9F00D8C36A5D}.Release|Any CPU.ActiveCfg = Release|Any CPU
		{53103209-67BE-4BC8-93F5-9F00D8C36A5D}.Release|Any CPU.Build.0 = Release|Any CPU
		{53103209-67BE-4BC8-93F5-9F00D8C36A5D}.Release|x64.ActiveCfg = Release|Any CPU
		{53103209-67BE-4BC8-93F5-9F00D8C36A5D}.Release|x64.Build.0 = Release|Any CPU
		{53103209-67BE-4BC8-93F5-9F00D8C36A5D}.Release|x86.ActiveCfg = Release|Any CPU
		{53103209-67BE-4BC8-93F5-9F00D8C36A5D}.Release|x86.Build.0 = Release|Any CPU
	EndGlobalSection
	GlobalSection(SolutionProperties) = preSolution
		HideSolutionNode = FALSE
	EndGlobalSection
	GlobalSection(ExtensibilityGlobals) = postSolution
		SolutionGuid = {B437CF1D-CCB2-4B79-ABCD-D4F7C1414EB9}
	EndGlobalSection
EndGlobal
